
Microsoft Visual Studio Solution File, Format Version 10.00
# Visual Studio 2008
Project("{FAE04EC0-301F-11D3-BF4B-00C04F79EFBC}") = "rd", "rd.csproj", "{97F98C09-FF0E-482C-9139-50DB829AF485}"
EndProject
Global
	GlobalSection(SolutionConfigurationPlatforms) = preSolution
		Debug|Any CPU = Debug|Any CPU
		Release|Any CPU = Release|Any CPU
	EndGlobalSection
	GlobalSection(ProjectConfigurationPlatforms) = postSolution
		{97F98C09-FF0E-482C-9139-50DB829AF485}.Debug|Any CPU.ActiveCfg = Debug|Any CPU
		{97F98C09-FF0E-482C-9139-50DB829AF485}.Debug|Any CPU.Build.0 = Debug|Any CPU
		{97F98C09-FF0E-482C-9139-50DB829AF485}.Release|Any CPU.ActiveCfg = Release|Any CPU
		{97F98C09-FF0E-482C-9139-50DB829AF485}.Release|Any CPU.Build.0 = Release|Any CPU
	EndGlobalSection
	GlobalSection(SolutionProperties) = preSolution
		HideSolutionNode = FALSE
	EndGlobalSection
EndGlobal
